
Microsoft Visual Studio Solution File, Format Version 12.00
# Visual Studio 15
VisualStudioVersion = 15.0.26730.16
MinimumVisualStudioVersion = 10.0.40219.1
Project("{8BC9CEB8-8B4A-11D0-8D11-00A0C91BC942}") = "PqaClient", "PqaClient\PqaClient.vcxproj", "{F72DCA08-CADC-4264-9C1A-89E7B9A5199E}"
	ProjectSection(ProjectDependencies) = postProject
		{66EBBC7D-97C5-4A7E-84D8-623DA032F3D3} = {66EBBC7D-97C5-4A7E-84D8-623DA032F3D3}
		{C0BB8B8D-4F5F-49E2-9A73-6766818BE2F1} = {C0BB8B8D-4F5F-49E2-9A73-6766818BE2F1}
	EndProjectSection
EndProject
Project("{8BC9CEB8-8B4A-11D0-8D11-00A0C91BC942}") = "PqaCore", "PqaCore\PqaCore.vcxproj", "{C0BB8B8D-4F5F-49E2-9A73-6766818BE2F1}"
	ProjectSection(ProjectDependencies) = postProject
		{75060D21-A023-4147-9CE6-03D8C82465D2} = {75060D21-A023-4147-9CE6-03D8C82465D2}
		{66EBBC7D-97C5-4A7E-84D8-623DA032F3D3} = {66EBBC7D-97C5-4A7E-84D8-623DA032F3D3}
	EndProjectSection
EndProject
Project("{8BC9CEB8-8B4A-11D0-8D11-00A0C91BC942}") = "SRPlatform", "SRPlatform\SRPlatform.vcxproj", "{66EBBC7D-97C5-4A7E-84D8-623DA032F3D3}"
EndProject
Project("{8BC9CEB8-8B4A-11D0-8D11-00A0C91BC942}") = "SRPlatformTests", "SRPlatformTests\SRPlatformTests.vcxproj", "{336B4CB4-C1CE-4383-BF26-48172B273CFD}"
EndProject
Project("{8BC9CEB8-8B4A-11D0-8D11-00A0C91BC942}") = "PqaCoreTests", "PqaCoreTests\PqaCoreTests.vcxproj", "{BFA65490-9CA9-4845-875E-5155047FD238}"
EndProject
Project("{9A19103F-16F7-4668-BE54-9A1E7A4F7556}") = "ProbQANetCore", "ProbQANetCore\ProbQANetCore.csproj", "{63D61C13-3A18-4FDB-B97C-646ED70D90FE}"
	ProjectSection(ProjectDependencies) = postProject
		{C0BB8B8D-4F5F-49E2-9A73-6766818BE2F1} = {C0BB8B8D-4F5F-49E2-9A73-6766818BE2F1}
	EndProjectSection
EndProject
Project("{8BC9CEB8-8B4A-11D0-8D11-00A0C91BC942}") = "PqaCuda", "PqaCuda\PqaCuda.vcxproj", "{75060D21-A023-4147-9CE6-03D8C82465D2}"
EndProject
Global
	GlobalSection(SolutionConfigurationPlatforms) = preSolution
		Debug|Any CPU = Debug|Any CPU
		Debug|x64 = Debug|x64
		Debug|x86 = Debug|x86
		Release|Any CPU = Release|Any CPU
		Release|x64 = Release|x64
		Release|x86 = Release|x86
	EndGlobalSection
	GlobalSection(ProjectConfigurationPlatforms) = postSolution
		{F72DCA08-CADC-4264-9C1A-89E7B9A5199E}.Debug|Any CPU.ActiveCfg = Debug|Win32
		{F72DCA08-CADC-4264-9C1A-89E7B9A5199E}.Debug|x64.ActiveCfg = Debug|x64
		{F72DCA08-CADC-4264-9C1A-89E7B9A5199E}.Debug|x64.Build.0 = Debug|x64
		{F72DCA08-CADC-4264-9C1A-89E7B9A5199E}.Debug|x86.ActiveCfg = Debug|Win32
		{F72DCA08-CADC-4264-9C1A-89E7B9A5199E}.Debug|x86.Build.0 = Debug|Win32
		{F72DCA08-CADC-4264-9C1A-89E7B9A5199E}.Release|Any CPU.ActiveCfg = Release|Win32
		{F72DCA08-CADC-4264-9C1A-89E7B9A5199E}.Release|x64.ActiveCfg = Release|x64
		{F72DCA08-CADC-4264-9C1A-89E7B9A5199E}.Release|x64.Build.0 = Release|x64
		{F72DCA08-CADC-4264-9C1A-89E7B9A5199E}.Release|x86.ActiveCfg = Release|Win32
		{F72DCA08-CADC-4264-9C1A-89E7B9A5199E}.Release|x86.Build.0 = Release|Win32
		{C0BB8B8D-4F5F-49E2-9A73-6766818BE2F1}.Debug|Any CPU.ActiveCfg = Debug|Win32
		{C0BB8B8D-4F5F-49E2-9A73-6766818BE2F1}.Debug|x64.ActiveCfg = Debug|x64
		{C0BB8B8D-4F5F-49E2-9A73-6766818BE2F1}.Debug|x64.Build.0 = Debug|x64
		{C0BB8B8D-4F5F-49E2-9A73-6766818BE2F1}.Debug|x86.ActiveCfg = Debug|Win32
		{C0BB8B8D-4F5F-49E2-9A73-6766818BE2F1}.Debug|x86.Build.0 = Debug|Win32
		{C0BB8B8D-4F5F-49E2-9A73-6766818BE2F1}.Release|Any CPU.ActiveCfg = Release|Win32
		{C0BB8B8D-4F5F-49E2-9A73-6766818BE2F1}.Release|x64.ActiveCfg = Release|x64
		{C0BB8B8D-4F5F-49E2-9A73-6766818BE2F1}.Release|x64.Build.0 = Release|x64
		{C0BB8B8D-4F5F-49E2-9A73-6766818BE2F1}.Release|x86.ActiveCfg = Release|Win32
		{C0BB8B8D-4F5F-49E2-9A73-6766818BE2F1}.Release|x86.Build.0 = Release|Win32
		{66EBBC7D-97C5-4A7E-84D8-623DA032F3D3}.Debug|Any CPU.ActiveCfg = Debug|Win32
		{66EBBC7D-97C5-4A7E-84D8-623DA032F3D3}.Debug|x64.ActiveCfg = Debug|x64
		{66EBBC7D-97C5-4A7E-84D8-623DA032F3D3}.Debug|x64.Build.0 = Debug|x64
		{66EBBC7D-97C5-4A7E-84D8-623DA032F3D3}.Debug|x86.ActiveCfg = Debug|Win32
		{66EBBC7D-97C5-4A7E-84D8-623DA032F3D3}.Debug|x86.Build.0 = Debug|Win32
		{66EBBC7D-97C5-4A7E-84D8-623DA032F3D3}.Release|Any CPU.ActiveCfg = Release|Win32
		{66EBBC7D-97C5-4A7E-84D8-623DA032F3D3}.Release|x64.ActiveCfg = Release|x64
		{66EBBC7D-97C5-4A7E-84D8-623DA032F3D3}.Release|x64.Build.0 = Release|x64
		{66EBBC7D-97C5-4A7E-84D8-623DA032F3D3}.Release|x86.ActiveCfg = Release|Win32
		{66EBBC7D-97C5-4A7E-84D8-623DA032F3D3}.Release|x86.Build.0 = Release|Win32
		{336B4CB4-C1CE-4383-BF26-48172B273CFD}.Debug|Any CPU.ActiveCfg = Debug|Win32
		{336B4CB4-C1CE-4383-BF26-48172B273CFD}.Debug|x64.ActiveCfg = Debug|x64
		{336B4CB4-C1CE-4383-BF26-48172B273CFD}.Debug|x64.Build.0 = Debug|x64
		{336B4CB4-C1CE-4383-BF26-48172B273CFD}.Debug|x86.ActiveCfg = Debug|Win32
		{336B4CB4-C1CE-4383-BF26-48172B273CFD}.Debug|x86.Build.0 = Debug|Win32
		{336B4CB4-C1CE-4383-BF26-48172B273CFD}.Release|Any CPU.ActiveCfg = Release|Win32
		{336B4CB4-C1CE-4383-BF26-48172B273CFD}.Release|x64.ActiveCfg = Release|x64
		{336B4CB4-C1CE-4383-BF26-48172B273CFD}.Release|x64.Build.0 = Release|x64
		{336B4CB4-C1CE-4383-BF26-48172B273CFD}.Release|x86.ActiveCfg = Release|Win32
		{336B4CB4-C1CE-4383-BF26-48172B273CFD}.Release|x86.Build.0 = Release|Win32
		{BFA65490-9CA9-4845-875E-5155047FD238}.Debug|Any CPU.ActiveCfg = Debug|Win32
		{BFA65490-9CA9-4845-875E-5155047FD238}.Debug|x64.ActiveCfg = Debug|x64
		{BFA65490-9CA9-4845-875E-5155047FD238}.Debug|x64.Build.0 = Debug|x64
		{BFA65490-9CA9-4845-875E-5155047FD238}.Debug|x86.ActiveCfg = Debug|Win32
		{BFA65490-9CA9-4845-875E-5155047FD238}.Debug|x86.Build.0 = Debug|Win32
		{BFA65490-9CA9-4845-875E-5155047FD238}.Release|Any CPU.ActiveCfg = Release|Win32
		{BFA65490-9CA9-4845-875E-5155047FD238}.Release|x64.ActiveCfg = Release|x64
		{BFA65490-9CA9-4845-875E-5155047FD238}.Release|x64.Build.0 = Release|x64
		{BFA65490-9CA9-4845-875E-5155047FD238}.Release|x86.ActiveCfg = Release|Win32
		{BFA65490-9CA9-4845-875E-5155047FD238}.Release|x86.Build.0 = Release|Win32
		{63D61C13-3A18-4FDB-B97C-646ED70D90FE}.Debug|Any CPU.ActiveCfg = Debug|Any CPU
		{63D61C13-3A18-4FDB-B97C-646ED70D90FE}.Debug|Any CPU.Build.0 = Debug|Any CPU
		{63D61C13-3A18-4FDB-B97C-646ED70D90FE}.Debug|x64.ActiveCfg = Debug|x64
		{63D61C13-3A18-4FDB-B97C-646ED70D90FE}.Debug|x64.Build.0 = Debug|x64
		{63D61C13-3A18-4FDB-B97C-646ED70D90FE}.Debug|x86.ActiveCfg = Debug|Any CPU
		{63D61C13-3A18-4FDB-B97C-646ED70D90FE}.Debug|x86.Build.0 = Debug|Any CPU
		{63D61C13-3A18-4FDB-B97C-646ED70D90FE}.Release|Any CPU.ActiveCfg = Release|Any CPU
		{63D61C13-3A18-4FDB-B97C-646ED70D90FE}.Release|Any CPU.Build.0 = Release|Any CPU
		{63D61C13-3A18-4FDB-B97C-646ED70D90FE}.Release|x64.ActiveCfg = Release|x64
		{63D61C13-3A18-4FDB-B97C-646ED70D90FE}.Release|x64.Build.0 = Release|x64
		{63D61C13-3A18-4FDB-B97C-646ED70D90FE}.Release|x86.ActiveCfg = Release|Any CPU
		{63D61C13-3A18-4FDB-B97C-646ED70D90FE}.Release|x86.Build.0 = Release|Any CPU
		{75060D21-A023-4147-9CE6-03D8C82465D2}.Debug|Any CPU.ActiveCfg = Debug|x64
		{75060D21-A023-4147-9CE6-03D8C82465D2}.Debug|x64.ActiveCfg = Debug|x64
		{75060D21-A023-4147-9CE6-03D8C82465D2}.Debug|x64.Build.0 = Debug|x64
		{75060D21-A023-4147-9CE6-03D8C82465D2}.Debug|x86.ActiveCfg = Debug|x64
		{75060D21-A023-4147-9CE6-03D8C82465D2}.Release|Any CPU.ActiveCfg = Release|x64
		{75060D21-A023-4147-9CE6-03D8C82465D2}.Release|x64.ActiveCfg = Release|x64
		{75060D21-A023-4147-9CE6-03D8C82465D2}.Release|x64.Build.0 = Release|x64
		{75060D21-A023-4147-9CE6-03D8C82465D2}.Release|x86.ActiveCfg = Release|x64
	EndGlobalSection
	GlobalSection(SolutionProperties) = preSolution
		HideSolutionNode = FALSE
	EndGlobalSection
	GlobalSection(ExtensibilityGlobals) = postSolution
		SolutionGuid = {E37D297F-B578-4021-9B15-DE8BFA4265B9}
	EndGlobalSection
EndGlobal
