<?xml version="1.0" encoding="utf-8"?>
<Project ToolsVersion="4.0" xmlns="http://schemas.microsoft.com/developer/msbuild/2003">
  <ItemGroup>
    <Filter Include="Source Files">
      <UniqueIdentifier>{4FC737F1-C7A5-4376-A066-2A32D752A2FF}</UniqueIdentifier>
      <Extensions>cpp;c;cc;cxx;def;odl;idl;hpj;bat;asm;asmx</Extensions>
    </Filter>
    <Filter Include="Header Files">
      <UniqueIdentifier>{93995380-89BD-4b04-88EB-625FBE52EBFB}</UniqueIdentifier>
      <Extensions>h;hh;hpp;hxx;hm;inl;inc;xsd</Extensions>
    </Filter>
    <Filter Include="Resource Files">
      <UniqueIdentifier>{67DA6AB6-F800-4c08-8B7A-83BB121AAD01}</UniqueIdentifier>
      <Extensions>rc;ico;cur;bmp;dlg;rc2;rct;bin;rgs;gif;jpg;jpeg;jpe;resx;tiff;tif;png;wav;mfcribbon-ms</Extensions>
    </Filter>
    <Filter Include="Header Files\Interface">
      <UniqueIdentifier>{1b22f91e-cb28-4095-8cba-a09cdda2d801}</UniqueIdentifier>
    </Filter>
    <Filter Include="Header Files\CPU Engine">
      <UniqueIdentifier>{23f1a4a0-b5c3-4538-a0e7-735e399b9b37}</UniqueIdentifier>
    </Filter>
    <Filter Include="Source Files\CPU Engine">
      <UniqueIdentifier>{384f2e33-56f4-4e0f-b073-1fdb96f183d0}</UniqueIdentifier>
    </Filter>
    <Filter Include="Docs">
      <UniqueIdentifier>{b5ffd68c-1e88-47d2-b6ec-937d77baf86a}</UniqueIdentifier>
    </Filter>
    <Filter Include="Header Files\CPU Engine\Tasks">
      <UniqueIdentifier>{daceb309-221f-4489-b3f2-f856f2cebbf8}</UniqueIdentifier>
    </Filter>
    <Filter Include="Header Files\CPU Engine\Subtasks">
      <UniqueIdentifier>{a1afe85d-aa58-4374-9aa6-57086103d035}</UniqueIdentifier>
    </Filter>
    <Filter Include="Source Files\CUDA Engine">
      <UniqueIdentifier>{3e126c56-291d-496f-b3ab-ad0da68be00e}</UniqueIdentifier>
    </Filter>
    <Filter Include="Header Files\CUDA Engine">
      <UniqueIdentifier>{e9f33861-fa1b-40d1-9247-0e173235b08e}</UniqueIdentifier>
    </Filter>
    <Filter Include="Header Files\Base Engine">
      <UniqueIdentifier>{2a76ab7c-c354-4f4e-8404-55327178dd36}</UniqueIdentifier>
    </Filter>
    <Filter Include="Source Files\Base Engine">
      <UniqueIdentifier>{76b66636-8cb3-4c54-9a99-acf136b484f3}</UniqueIdentifier>
    </Filter>
  </ItemGroup>
  <ItemGroup>
    <ClInclude Include="stdafx.h">
      <Filter>Header Files</Filter>
    </ClInclude>
    <ClInclude Include="targetver.h">
      <Filter>Header Files</Filter>
    </ClInclude>
    <ClInclude Include="PqaEngineBaseFactory.h">
      <Filter>Header Files</Filter>
    </ClInclude>
    <ClInclude Include="Interface\IPqaEngine.h">
      <Filter>Header Files\Interface</Filter>
    </ClInclude>
    <ClInclude Include="Interface\IPqaEngineFactory.h">
      <Filter>Header Files\Interface</Filter>
    </ClInclude>
    <ClInclude Include="Interface\PqaCommon.h">
      <Filter>Header Files\Interface</Filter>
    </ClInclude>
    <ClInclude Include="Interface\PqaErrors.h">
      <Filter>Header Files\Interface</Filter>
    </ClInclude>
    <ClInclude Include="Interface\PqaCore.h">
      <Filter>Header Files\Interface</Filter>
    </ClInclude>
    <ClInclude Include="Interface\PqaErrorParams.h">
      <Filter>Header Files\Interface</Filter>
    </ClInclude>
    <ClInclude Include="PqaException.h">
      <Filter>Header Files</Filter>
    </ClInclude>
    <ClInclude Include="GapTracker.h">
      <Filter>Header Files</Filter>
    </ClInclude>
    <ClInclude Include="MaintenanceSwitch.h">
      <Filter>Header Files</Filter>
    </ClInclude>
    <ClInclude Include="ErrorHelper.h">
      <Filter>Header Files</Filter>
    </ClInclude>
    <ClInclude Include="CECreateQuizOperation.h">
      <Filter>Header Files\CPU Engine</Filter>
    </ClInclude>
    <ClInclude Include="CpuEngine.h">
      <Filter>Header Files\CPU Engine</Filter>
    </ClInclude>
    <ClInclude Include="BaseCpuEngine.fwd.h">
      <Filter>Header Files\CPU Engine</Filter>
    </ClInclude>
    <ClInclude Include="BaseCpuEngine.decl.h">
      <Filter>Header Files\CPU Engine</Filter>
    </ClInclude>
    <ClInclude Include="BaseCpuEngine.h">
      <Filter>Header Files\CPU Engine</Filter>
    </ClInclude>
    <ClInclude Include="CpuEngine.fwd.h">
      <Filter>Header Files\CPU Engine</Filter>
    </ClInclude>
    <ClInclude Include="CpuEngine.decl.h">
      <Filter>Header Files\CPU Engine</Filter>
    </ClInclude>
    <ClInclude Include="CECreateQuizOperation.fwd.h">
      <Filter>Header Files\CPU Engine</Filter>
    </ClInclude>
    <ClInclude Include="CECreateQuizOperation.decl.h">
      <Filter>Header Files\CPU Engine</Filter>
    </ClInclude>
    <ClInclude Include="CEQuiz.fwd.h">
      <Filter>Header Files\CPU Engine</Filter>
    </ClInclude>
    <ClInclude Include="CEQuiz.decl.h">
      <Filter>Header Files\CPU Engine</Filter>
    </ClInclude>
    <ClInclude Include="CEQuiz.h">
      <Filter>Header Files\CPU Engine</Filter>
    </ClInclude>
    <ClInclude Include="CEBaseTask.decl.h">
      <Filter>Header Files\CPU Engine\Tasks</Filter>
    </ClInclude>
    <ClInclude Include="CEBaseTask.fwd.h">
      <Filter>Header Files\CPU Engine\Tasks</Filter>
    </ClInclude>
    <ClInclude Include="CEBaseTask.h">
      <Filter>Header Files\CPU Engine\Tasks</Filter>
    </ClInclude>
    <ClInclude Include="CENormPriorsTask.fwd.h">
      <Filter>Header Files\CPU Engine\Tasks</Filter>
    </ClInclude>
    <ClInclude Include="CENormPriorsTask.h">
      <Filter>Header Files\CPU Engine\Tasks</Filter>
    </ClInclude>
    <ClInclude Include="CETask.decl.h">
      <Filter>Header Files\CPU Engine\Tasks</Filter>
    </ClInclude>
    <ClInclude Include="CETask.fwd.h">
      <Filter>Header Files\CPU Engine\Tasks</Filter>
    </ClInclude>
    <ClInclude Include="CETask.h">
      <Filter>Header Files\CPU Engine\Tasks</Filter>
    </ClInclude>
    <ClInclude Include="CETrainTask.decl.h">
      <Filter>Header Files\CPU Engine\Tasks</Filter>
    </ClInclude>
    <ClInclude Include="CETrainTask.fwd.h">
      <Filter>Header Files\CPU Engine\Tasks</Filter>
    </ClInclude>
    <ClInclude Include="CETrainTask.h">
      <Filter>Header Files\CPU Engine\Tasks</Filter>
    </ClInclude>
    <ClInclude Include="CETrainTaskNumSpec.h">
      <Filter>Header Files\CPU Engine\Tasks</Filter>
    </ClInclude>
    <ClInclude Include="CEUpdatePriorsTask.fwd.h">
      <Filter>Header Files\CPU Engine\Tasks</Filter>
    </ClInclude>
    <ClInclude Include="CEUpdatePriorsTask.h">
      <Filter>Header Files\CPU Engine\Tasks</Filter>
    </ClInclude>
    <ClInclude Include="CENormPriorsSubtaskCorrSum.h">
      <Filter>Header Files\CPU Engine\Subtasks</Filter>
    </ClInclude>
    <ClInclude Include="CENormPriorsSubtaskMax.h">
      <Filter>Header Files\CPU Engine\Subtasks</Filter>
    </ClInclude>
    <ClInclude Include="CETrainSubtaskAdd.h">
      <Filter>Header Files\CPU Engine\Subtasks</Filter>
    </ClInclude>
    <ClInclude Include="CETrainSubtaskDistrib.decl.h">
      <Filter>Header Files\CPU Engine\Subtasks</Filter>
    </ClInclude>
    <ClInclude Include="CETrainSubtaskDistrib.fwd.h">
      <Filter>Header Files\CPU Engine\Subtasks</Filter>
    </ClInclude>
    <ClInclude Include="CETrainSubtaskDistrib.h">
      <Filter>Header Files\CPU Engine\Subtasks</Filter>
    </ClInclude>
    <ClInclude Include="CEUpdatePriorsSubtaskMul.h">
      <Filter>Header Files\CPU Engine\Subtasks</Filter>
    </ClInclude>
    <ClInclude Include="CEEvalQsTask.h">
      <Filter>Header Files\CPU Engine\Tasks</Filter>
    </ClInclude>
    <ClInclude Include="CEEvalQsTask.fwd.h">
      <Filter>Header Files\CPU Engine\Tasks</Filter>
    </ClInclude>
    <ClInclude Include="CEEvalQsSubtaskConsider.h">
      <Filter>Header Files\CPU Engine\Subtasks</Filter>
    </ClInclude>
    <ClInclude Include="CERecordAnswerTask.h">
      <Filter>Header Files\CPU Engine\Tasks</Filter>
    </ClInclude>
    <ClInclude Include="CERecordAnswerTask.fwd.h">
      <Filter>Header Files\CPU Engine\Tasks</Filter>
    </ClInclude>
    <ClInclude Include="CERecordAnswerSubtaskMul.h">
      <Filter>Header Files\CPU Engine\Subtasks</Filter>
    </ClInclude>
    <ClInclude Include="CESetPriorsSubtaskSum.h">
      <Filter>Header Files\CPU Engine\Subtasks</Filter>
    </ClInclude>
    <ClInclude Include="CESetPriorsTask.h">
      <Filter>Header Files\CPU Engine\Tasks</Filter>
    </ClInclude>
    <ClInclude Include="CESetPriorsTask.fwd.h">
      <Filter>Header Files\CPU Engine\Tasks</Filter>
    </ClInclude>
    <ClInclude Include="CEDivTargPriorsSubtask.h">
      <Filter>Header Files\CPU Engine\Subtasks</Filter>
    </ClInclude>
    <ClInclude Include="CEDivTargPriorsSubtask.fwd.h">
      <Filter>Header Files\CPU Engine\Subtasks</Filter>
    </ClInclude>
    <ClInclude Include="CEDivTargPriorsSubtask.decl.h">
      <Filter>Header Files\CPU Engine\Subtasks</Filter>
    </ClInclude>
    <ClInclude Include="RatingsHeap.h">
      <Filter>Header Files\CPU Engine</Filter>
    </ClInclude>
    <ClInclude Include="CEHeapifyPriorsTask.h">
      <Filter>Header Files\CPU Engine\Tasks</Filter>
    </ClInclude>
    <ClInclude Include="PqaRange.h">
      <Filter>Header Files</Filter>
    </ClInclude>
    <ClInclude Include="CEListTopTargetsAlgorithm.h">
      <Filter>Header Files\CPU Engine</Filter>
    </ClInclude>
    <ClInclude Include="CEHeapifyPriorsSubtaskMake.h">
      <Filter>Header Files\CPU Engine\Subtasks</Filter>
    </ClInclude>
    <ClInclude Include="CERadixSortRatingsTask.h">
      <Filter>Header Files\CPU Engine\Tasks</Filter>
    </ClInclude>
    <ClInclude Include="CERadixSortRatingsSubtaskSort.h">
      <Filter>Header Files\CPU Engine\Subtasks</Filter>
    </ClInclude>
    <ClInclude Include="CETrainOperation.h">
      <Filter>Header Files\CPU Engine</Filter>
    </ClInclude>
    <ClInclude Include="AnswerMetrics.h">
      <Filter>Header Files\CPU Engine</Filter>
    </ClInclude>
    <ClInclude Include="Summator.h">
      <Filter>Header Files\CPU Engine</Filter>
    </ClInclude>
    <ClInclude Include="KBFileInfo.h">
      <Filter>Header Files</Filter>
    </ClInclude>
    <ClInclude Include="TargetRowPersistence.h">
      <Filter>Header Files</Filter>
    </ClInclude>
    <ClInclude Include="PermanentIdManager.h">
      <Filter>Header Files</Filter>
    </ClInclude>
    <ClInclude Include="Interface\PqaCInterop.h">
      <Filter>Header Files\Interface</Filter>
    </ClInclude>
    <ClInclude Include="CudaEngineFloat.h">
      <Filter>Header Files\CUDA Engine</Filter>
    </ClInclude>
    <ClInclude Include="BaseCudaEngine.h">
      <Filter>Header Files\CUDA Engine</Filter>
    </ClInclude>
    <ClInclude Include="BaseEngine.h">
      <Filter>Header Files\Base Engine</Filter>
    </ClInclude>
    <ClInclude Include="BaseQuiz.h">
      <Filter>Header Files\Base Engine</Filter>
    </ClInclude>
    <ClInclude Include="CudaArray.h">
      <Filter>Header Files\CUDA Engine</Filter>
    </ClInclude>
    <ClInclude Include="CudaException.h">
      <Filter>Header Files\CUDA Engine</Filter>
    </ClInclude>
    <ClInclude Include="CudaMacros.h">
      <Filter>Header Files\CUDA Engine</Filter>
    </ClInclude>
    <ClInclude Include="Interface\CudaMain.h">
      <Filter>Header Files\Interface</Filter>
    </ClInclude>
  </ItemGroup>
  <ItemGroup>
    <ClCompile Include="stdafx.cpp">
      <Filter>Source Files</Filter>
    </ClCompile>
    <ClCompile Include="PqaCore.cpp">
      <Filter>Source Files</Filter>
    </ClCompile>
    <ClCompile Include="dllmain.cpp">
      <Filter>Source Files</Filter>
    </ClCompile>
    <ClCompile Include="PqaEngineFactorySelector.cpp">
      <Filter>Source Files</Filter>
    </ClCompile>
    <ClCompile Include="PqaEngineBaseFactory.cpp">
      <Filter>Source Files</Filter>
    </ClCompile>
    <ClCompile Include="PqaErrors.cpp">
      <Filter>Source Files</Filter>
    </ClCompile>
    <ClCompile Include="PqaException.cpp">
      <Filter>Source Files</Filter>
    </ClCompile>
    <ClCompile Include="MaintenanceSwitch.cpp">
      <Filter>Source Files</Filter>
    </ClCompile>
    <ClCompile Include="PqaErrorParams.cpp">
      <Filter>Source Files</Filter>
    </ClCompile>
    <ClCompile Include="CpuEngine.cpp">
      <Filter>Source Files\CPU Engine</Filter>
    </ClCompile>
    <ClCompile Include="CETrainSubtaskAdd.cpp">
      <Filter>Source Files\CPU Engine</Filter>
    </ClCompile>
    <ClCompile Include="BaseCpuEngine.cpp">
      <Filter>Source Files\CPU Engine</Filter>
    </ClCompile>
    <ClCompile Include="CECreateQuizOperation.cpp">
      <Filter>Source Files\CPU Engine</Filter>
    </ClCompile>
    <ClCompile Include="CEUpdatePriorsSubtaskMul.cpp">
      <Filter>Source Files\CPU Engine</Filter>
    </ClCompile>
    <ClCompile Include="CENormPriorsSubtaskMax.cpp">
      <Filter>Source Files\CPU Engine</Filter>
    </ClCompile>
    <ClCompile Include="CENormPriorsSubtaskCorrSum.cpp">
      <Filter>Source Files\CPU Engine</Filter>
    </ClCompile>
    <ClCompile Include="CEEvalQsSubtaskConsider.cpp">
      <Filter>Source Files\CPU Engine</Filter>
    </ClCompile>
    <ClCompile Include="CERecordAnswerSubtaskMul.cpp">
      <Filter>Source Files\CPU Engine</Filter>
    </ClCompile>
    <ClCompile Include="CESetPriorsSubtaskSum.cpp">
      <Filter>Source Files\CPU Engine</Filter>
    </ClCompile>
    <ClCompile Include="CEListTopTargetsAlgorithm.cpp">
      <Filter>Source Files\CPU Engine</Filter>
    </ClCompile>
    <ClCompile Include="CEHeapifyPriorsSubtaskMake.cpp">
      <Filter>Source Files\CPU Engine</Filter>
    </ClCompile>
    <ClCompile Include="CERadixSortRatingsSubtaskSort.cpp">
      <Filter>Source Files\CPU Engine</Filter>
    </ClCompile>
    <ClCompile Include="CETrainOperation.cpp">
      <Filter>Source Files\CPU Engine</Filter>
    </ClCompile>
    <ClCompile Include="PermanentIdManager.cpp">
      <Filter>Source Files</Filter>
    </ClCompile>
    <ClCompile Include="PqaCInterop.cpp">
      <Filter>Source Files</Filter>
    </ClCompile>
    <ClCompile Include="BaseCudaEngine.cpp">
      <Filter>Source Files\CUDA Engine</Filter>
    </ClCompile>
    <ClCompile Include="BaseEngine.cpp">
      <Filter>Source Files\Base Engine</Filter>
    </ClCompile>
    <ClCompile Include="BaseQuiz.cpp">
      <Filter>Source Files\Base Engine</Filter>
    </ClCompile>
    <ClCompile Include="CudaEngineFloat.cpp">
      <Filter>Source Files\CUDA Engine</Filter>
    </ClCompile>
    <ClCompile Include="CudaException.cpp">
      <Filter>Source Files\CUDA Engine</Filter>
    </ClCompile>
    <ClCompile Include="CudaMain.cpp">
      <Filter>Source Files\CUDA Engine</Filter>
    </ClCompile>
  </ItemGroup>
  <ItemGroup>
    <Text Include="Docs\CpuEngineGuidelines.txt">
      <Filter>Docs</Filter>
    </Text>
  </ItemGroup>
  <ItemGroup>
    <CudaCompile Include="kernel.cu">
      <Filter>Source Files\CUDA Engine</Filter>
    </CudaCompile>
  </ItemGroup>
</Project>